{
  "name": "pluralsight-redux-starter",
  "version": "1.0.0",
  "lockfileVersion": 1,
  "requires": true,
  "dependencies": {
    "babel-cli": {
      "version": "6.8.0",
      "resolved": "https://registry.npmjs.org/babel-cli/-/babel-cli-6.8.0.tgz",
      "integrity": "sha1-EPDxJgok7ZRwWAsIblhfO2V8B+E=",
      "dev": true,
      "dependencies": {
        "lodash": {
          "version": "3.10.1",
          "resolved": "https://registry.npmjs.org/lodash/-/lodash-3.10.1.tgz",
          "integrity": "sha1-W/Rejkm6QYnhfUgnid/RW9FAt7Y="
        }
      }
    },
    "babel-core": {
      "version": "6.8.0",
      "resolved": "https://registry.npmjs.org/babel-core/-/babel-core-6.8.0.tgz",
      "integrity": "sha1-Uv3gtMBdnrf2Cto8dWZiOPFNFCA=",
      "dev": true,
      "dependencies": {
        "lodash": {
          "version": "3.10.1",
          "resolved": "https://registry.npmjs.org/lodash/-/lodash-3.10.1.tgz",
          "integrity": "sha1-W/Rejkm6QYnhfUgnid/RW9FAt7Y="
        }
      }
    },
    "babel-loader": {
      "version": "6.2.4",
      "resolved": "https://registry.npmjs.org/babel-loader/-/babel-loader-6.2.4.tgz",
      "integrity": "sha1-qnCv+N3CI6WVLoOaQ6bDpMi/oek=",
      "dev": true
    },
    "babel-plugin-react-display-name": {
      "version": "2.0.0",
      "resolved": "https://registry.npmjs.org/babel-plugin-react-display-name/-/babel-plugin-react-display-name-2.0.0.tgz",
      "integrity": "sha1-BlKbkJjxPCrivyP+30/gad1W9S8=",
      "dev": true
    },
    "babel-polyfill": {
      "version": "6.8.0",
      "resolved": "https://registry.npmjs.org/babel-polyfill/-/babel-polyfill-6.8.0.tgz",
      "integrity": "sha1-bjP6DCa7bcfW8XEXYYT9W5XkVsI="
    },
    "babel-preset-es2015": {
      "version": "6.6.0",
      "resolved": "https://registry.npmjs.org/babel-preset-es2015/-/babel-preset-es2015-6.6.0.tgz",
      "integrity": "sha1-iLM+WP7JTG695Y3GXs5dFODsJWg=",
      "dev": true
    },
    "babel-preset-react": {
      "version": "6.5.0",
      "resolved": "https://registry.npmjs.org/babel-preset-react/-/babel-preset-react-6.5.0.tgz",
      "integrity": "sha1-0yiaoOMI29SLchD5l3EB8Pluvh8=",
      "dev": true
    },
    "babel-preset-react-hmre": {
      "version": "1.1.1",
      "resolved": "https://registry.npmjs.org/babel-preset-react-hmre/-/babel-preset-react-hmre-1.1.1.tgz",
      "integrity": "sha1-0hbmDLW41Mhz4Z7Q9U6v8UN7xJI=",
      "dev": true
    },
    "babel-register": {
      "version": "6.8.0",
      "resolved": "https://registry.npmjs.org/babel-register/-/babel-register-6.8.0.tgz",
      "integrity": "sha1-+gJ9qAepO5RDKdFxVxnnKGbYTPE=",
      "dev": true,
      "dependencies": {
        "lodash": {
          "version": "3.10.1",
          "resolved": "https://registry.npmjs.org/lodash/-/lodash-3.10.1.tgz",
          "integrity": "sha1-W/Rejkm6QYnhfUgnid/RW9FAt7Y="
        }
      }
    },
    "bootstrap": {
      "version": "3.3.6",
      "resolved": "https://registry.npmjs.org/bootstrap/-/bootstrap-3.3.6.tgz",
      "integrity": "sha1-jej3SdyKdD8qxbUQ2Yg3Hj2qZYk="
    },
    "cheerio": {
      "version": "0.22.0",
      "resolved": "https://registry.npmjs.org/cheerio/-/cheerio-0.22.0.tgz",
      "integrity": "sha1-qbqoYKP5tZWmuBsahocxIe06Jp4=",
      "dev": true
    },
    "colors": {
      "version": "1.1.2",
      "resolved": "https://registry.npmjs.org/colors/-/colors-1.1.2.tgz",
      "integrity": "sha1-FopHAXVran9RoSzgyXv6KMCE7WM=",
      "dev": true
    },
    "compression": {
      "version": "1.6.1",
      "resolved": "https://registry.npmjs.org/compression/-/compression-1.6.1.tgz",
      "integrity": "sha1-G/T5b9cgGaP9EVE7T8Tc070W21U=",
      "dev": true,
      "dependencies": {
        "debug": {
          "version": "2.2.0",
          "resolved": "https://registry.npmjs.org/debug/-/debug-2.2.0.tgz",
          "integrity": "sha1-+HBX6ZWxofauaklgZkE3vFbwOdo="
        },
        "ms": {
          "version": "0.7.1",
          "resolved": "https://registry.npmjs.org/ms/-/ms-0.7.1.tgz",
          "integrity": "sha1-nNE8A62/8ltl7/3nzoZO6VIBcJg="
        }
      }
    },
    "cross-env": {
      "version": "1.0.7",
      "resolved": "https://registry.npmjs.org/cross-env/-/cross-env-1.0.7.tgz",
      "integrity": "sha1-3WzqE7Md9P+rRZE0PmBeNwGCZH4=",
      "dev": true
    },
    "css-loader": {
      "version": "0.23.1",
      "resolved": "https://registry.npmjs.org/css-loader/-/css-loader-0.23.1.tgz",
      "integrity": "sha1-n6I/K1wJZSNZEK1ezvO4o2OQ/lA=",
      "dev": true
    },
    "enzyme": {
      "version": "2.2.0",
      "resolved": "https://registry.npmjs.org/enzyme/-/enzyme-2.2.0.tgz",
      "integrity": "sha1-ly8biddxNWrU4GoVtHNhc+xkrtU=",
      "dev": true,
      "dependencies": {
        "cheerio": {
          "version": "0.20.0",
          "resolved": "https://registry.npmjs.org/cheerio/-/cheerio-0.20.0.tgz",
          "integrity": "sha1-XHEPK6uVZTJyhCugHG6mGzVF7DU="
        },
        "domhandler": {
          "version": "2.3.0",
          "resolved": "https://registry.npmjs.org/domhandler/-/domhandler-2.3.0.tgz",
          "integrity": "sha1-LeWaCCLVAn+r/28DLCsloqir5zg="
        },
        "htmlparser2": {
          "version": "3.8.3",
          "resolved": "https://registry.npmjs.org/htmlparser2/-/htmlparser2-3.8.3.tgz",
          "integrity": "sha1-mWwosZFRaovoZQGn15dX5ccMEGg=",
          "dependencies": {
            "entities": {
              "version": "1.0.0",
              "resolved": "https://registry.npmjs.org/entities/-/entities-1.0.0.tgz",
              "integrity": "sha1-sph6o4ITR/zeZCsk/fyeT7cSvyY="
            }
          }
        },
        "isarray": {
          "version": "0.0.1",
          "resolved": "https://registry.npmjs.org/isarray/-/isarray-0.0.1.tgz",
          "integrity": "sha1-ihis/Kmo9Bd+Cav8YDiTmwXR7t8="
        },
        "jsdom": {
          "version": "7.2.2",
          "resolved": "https://registry.npmjs.org/jsdom/-/jsdom-7.2.2.tgz",
          "integrity": "sha1-QLQCdwwr2iNGkJa+6Rq2deOx/G4="
        },
        "readable-stream": {
          "version": "1.1.14",
          "resolved": "https://registry.npmjs.org/readable-stream/-/readable-stream-1.1.14.tgz",
          "integrity": "sha1-fPTFTvZI44EwhMY23SB54WbAgdk="
        },
        "string_decoder": {
          "version": "0.10.31",
          "resolved": "https://registry.npmjs.org/string_decoder/-/string_decoder-0.10.31.tgz",
          "integrity": "sha1-YuIDvEF2bGwoyfyEMB2rHFMQ+pQ="
        }
      }
    },
    "eslint": {
      "version": "2.9.0",
      "resolved": "https://registry.npmjs.org/eslint/-/eslint-2.9.0.tgz",
      "integrity": "sha1-Wz/bdJe7BC4nR+PR/pX0BNyjmmA=",
      "dev": true,
      "dependencies": {
        "chalk": {
          "version": "1.1.3",
          "resolved": "https://registry.npmjs.org/chalk/-/chalk-1.1.3.tgz",
          "integrity": "sha1-qBFcVeSnAv5NFQq9OHKCKn4J/Jg="
        },
        "glob": {
          "version": "7.1.2",
          "resolved": "https://registry.npmjs.org/glob/-/glob-7.1.2.tgz",
          "integrity": "sha512-MJTUg1kjuLeQCJ+ccE4Vpa6kKVXkPYJ2mOCQyUuKLcLQsdrMCpBPUi8qVE6+YuaJkozeA9NusTAw3hLr8Xe5EQ=="
        },
        "minimatch": {
          "version": "3.0.4",
          "resolved": "https://registry.npmjs.org/minimatch/-/minimatch-3.0.4.tgz",
          "integrity": "sha512-yJHVQEhyqPLUTgt9B83PXu6W3rx4MvvHvSUvToogpwoGDOUQ+yDrR0HRot+yOCdCO7u4hX3pWft6kWBBcqh0UA=="
        },
        "user-home": {
          "version": "2.0.0",
          "resolved": "https://registry.npmjs.org/user-home/-/user-home-2.0.0.tgz",
          "integrity": "sha1-nHC/2Babwdy/SGBODwS4tJzenp8="
        }
      }
    },
    "eslint-plugin-import": {
      "version": "1.6.1",
      "resolved": "https://registry.npmjs.org/eslint-plugin-import/-/eslint-plugin-import-1.6.1.tgz",
      "integrity": "sha1-hWzXjQKilP9+Re1vTMkXrjc28ps=",
      "dev": true,
      "dependencies": {
        "doctrine": {
          "version": "1.2.3",
          "resolved": "https://registry.npmjs.org/doctrine/-/doctrine-1.2.3.tgz",
          "integrity": "sha1-auxrvWLPid1JjK5wwO2fSdqHOmo="
        }
      }
    },
    "eslint-plugin-react": {
      "version": "5.0.1",
      "resolved": "https://registry.npmjs.org/eslint-plugin-react/-/eslint-plugin-react-5.0.1.tgz",
      "integrity": "sha1-WljFIoy6dCAuRaik1jUf+7Dqdbk=",
      "dev": true
    },
    "eslint-watch": {
      "version": "2.1.11",
      "resolved": "https://registry.npmjs.org/eslint-watch/-/eslint-watch-2.1.11.tgz",
      "integrity": "sha1-pmqDW6pThh3V5Ffhmd26l3LHekU=",
      "dev": true,
      "dependencies": {
        "chalk": {
          "version": "1.1.3",
          "resolved": "https://registry.npmjs.org/chalk/-/chalk-1.1.3.tgz",
          "integrity": "sha1-qBFcVeSnAv5NFQq9OHKCKn4J/Jg="
        },
        "lodash": {
          "version": "3.10.1",
          "resolved": "https://registry.npmjs.org/lodash/-/lodash-3.10.1.tgz",
          "integrity": "sha1-W/Rejkm6QYnhfUgnid/RW9FAt7Y="
        }
      }
    },
    "eventsource-polyfill": {
      "version": "0.9.6",
      "resolved": "https://registry.npmjs.org/eventsource-polyfill/-/eventsource-polyfill-0.9.6.tgz",
      "integrity": "sha1-EODRh/ERsWfyj9q5GIQ859gY8Tw=",
      "dev": true
    },
    "expect": {
      "version": "1.19.0",
      "resolved": "https://registry.npmjs.org/expect/-/expect-1.19.0.tgz",
      "integrity": "sha1-FBOf1KkzzcrVF3XkxRQjsntotc8=",
      "dev": true
    },
    "express": {
      "version": "4.13.4",
      "resolved": "https://registry.npmjs.org/express/-/express-4.13.4.tgz",
      "integrity": "sha1-PAt288d1kMg0VzkGHsC9O6Bn7CQ=",
      "dev": true,
      "dependencies": {
        "accepts": {
          "version": "1.2.13",
          "resolved": "https://registry.npmjs.org/accepts/-/accepts-1.2.13.tgz",
          "integrity": "sha1-5fHzkoxtlf2WVYw27D2dDeSm7Oo="
        },
        "debug": {
          "version": "2.2.0",
          "resolved": "https://registry.npmjs.org/debug/-/debug-2.2.0.tgz",
          "integrity": "sha1-+HBX6ZWxofauaklgZkE3vFbwOdo="
        },
        "ms": {
          "version": "0.7.1",
          "resolved": "https://registry.npmjs.org/ms/-/ms-0.7.1.tgz",
          "integrity": "sha1-nNE8A62/8ltl7/3nzoZO6VIBcJg="
        },
        "negotiator": {
          "version": "0.5.3",
          "resolved": "https://registry.npmjs.org/negotiator/-/negotiator-0.5.3.tgz",
          "integrity": "sha1-Jp1cR2gQ7JLtvntsLygxY4T5p+g="
        },
        "qs": {
          "version": "4.0.0",
          "resolved": "https://registry.npmjs.org/qs/-/qs-4.0.0.tgz",
          "integrity": "sha1-wx2bdOwn33XlQ6hseHKO2NRiNgc="
        },
        "vary": {
          "version": "1.0.1",
          "resolved": "https://registry.npmjs.org/vary/-/vary-1.0.1.tgz",
          "integrity": "sha1-meSYFWaihhGN+yuBc1ffeZM3bRA="
        }
      }
    },
    "extract-text-webpack-plugin": {
      "version": "1.0.1",
      "resolved": "https://registry.npmjs.org/extract-text-webpack-plugin/-/extract-text-webpack-plugin-1.0.1.tgz",
      "integrity": "sha1-yVvzy6rEnclvHcbgclSfu2VMzSw=",
      "dev": true
    },
    "file-loader": {
      "version": "0.8.5",
      "resolved": "https://registry.npmjs.org/file-loader/-/file-loader-0.8.5.tgz",
      "integrity": "sha1-knXQMf54DyfUf19K8CvUNxPMFRs=",
      "dev": true
    },
    "is-wsl": {
      "version": "1.1.0",
      "resolved": "https://registry.npmjs.org/is-wsl/-/is-wsl-1.1.0.tgz",
      "integrity": "sha1-HxbkqiKwTRM2tmGIpmrzxgDDpm0=",
      "dev": true
    },
    "jquery": {
      "version": "2.2.3",
      "resolved": "https://registry.npmjs.org/jquery/-/jquery-2.2.3.tgz",
      "integrity": "sha1-ReB+QZAzTeNsnhpktDsfE3PZF1g="
    },
    "jsdom": {
      "version": "8.5.0",
      "resolved": "https://registry.npmjs.org/jsdom/-/jsdom-8.5.0.tgz",
      "integrity": "sha1-1Nj12/J2hjW2KmKCO5R89wcevJg=",
      "dev": true,
      "dependencies": {
        "webidl-conversions": {
          "version": "3.0.1",
          "resolved": "https://registry.npmjs.org/webidl-conversions/-/webidl-conversions-3.0.1.tgz",
          "integrity": "sha1-JFNCdeKnvGvnvIZhHMFq4KVlSHE="
        }
      }
    },
    "mocha": {
      "version": "2.4.5",
      "resolved": "https://registry.npmjs.org/mocha/-/mocha-2.4.5.tgz",
      "integrity": "sha1-FRdo3Sh161G8gpXpgAAm6fK7OY8=",
      "dev": true,
      "dependencies": {
        "commander": {
          "version": "2.3.0",
          "resolved": "https://registry.npmjs.org/commander/-/commander-2.3.0.tgz",
          "integrity": "sha1-/UMOiJgy7DU7ms0d4hfBHLPu+HM="
        },
        "debug": {
          "version": "2.2.0",
          "resolved": "https://registry.npmjs.org/debug/-/debug-2.2.0.tgz",
          "integrity": "sha1-+HBX6ZWxofauaklgZkE3vFbwOdo="
        },
        "escape-string-regexp": {
          "version": "1.0.2",
          "resolved": "https://registry.npmjs.org/escape-string-regexp/-/escape-string-regexp-1.0.2.tgz",
          "integrity": "sha1-Tbwv5nTnGUnK8/smlc5/LcHZqNE="
        },
        "glob": {
          "version": "3.2.3",
          "resolved": "https://registry.npmjs.org/glob/-/glob-3.2.3.tgz",
          "integrity": "sha1-4xPusknHr/qlxHUoaw4RW1mDlGc="
        },
        "graceful-fs": {
          "version": "2.0.3",
          "resolved": "https://registry.npmjs.org/graceful-fs/-/graceful-fs-2.0.3.tgz",
          "integrity": "sha1-fNLNsiiko/Nule+mzBQt59GhNtA="
        },
        "minimatch": {
          "version": "0.2.14",
          "resolved": "https://registry.npmjs.org/minimatch/-/minimatch-0.2.14.tgz",
          "integrity": "sha1-x054BXT2PG+aCQ6Q775u9TpqdWo="
        },
        "ms": {
          "version": "0.7.1",
          "resolved": "https://registry.npmjs.org/ms/-/ms-0.7.1.tgz",
          "integrity": "sha1-nNE8A62/8ltl7/3nzoZO6VIBcJg="
        },
        "supports-color": {
          "version": "1.2.0",
          "resolved": "https://registry.npmjs.org/supports-color/-/supports-color-1.2.0.tgz",
          "integrity": "sha1-/x7R5hFp0Gs88tWI4YixjYhH4X4="
        }
      }
    },
    "nock": {
      "version": "8.0.0",
      "resolved": "https://registry.npmjs.org/nock/-/nock-8.0.0.tgz",
      "integrity": "sha1-+G1nZWjHOjuyFE68gHkdRHuzNNI=",
      "dev": true
    },
    "npm-run-all": {
      "version": "1.8.0",
      "resolved": "https://registry.npmjs.org/npm-run-all/-/npm-run-all-1.8.0.tgz",
      "integrity": "sha1-E8MVq3y+7ySt/xWlkiLi5TUZbTY=",
      "dev": true,
      "dependencies": {
        "chalk": {
          "version": "1.1.3",
          "resolved": "https://registry.npmjs.org/chalk/-/chalk-1.1.3.tgz",
          "integrity": "sha1-qBFcVeSnAv5NFQq9OHKCKn4J/Jg="
        },
        "cross-spawn-async": {
          "version": "2.2.5",
          "resolved": "https://registry.npmjs.org/cross-spawn-async/-/cross-spawn-async-2.2.5.tgz",
          "integrity": "sha1-hF/wwINKPe2dFg2sptOQkGuyiMw="
        },
        "lru-cache": {
          "version": "4.1.1",
          "resolved": "https://registry.npmjs.org/lru-cache/-/lru-cache-4.1.1.tgz",
          "integrity": "sha512-q4spe4KTfsAS1SUHLO0wz8Qiyf1+vMIAgpRYioFYDMNqKfHQbg+AVDH3i4fvpl71/P1L0dBl+fQi+P37UYf0ew=="
        },
        "minimatch": {
          "version": "3.0.4",
          "resolved": "https://registry.npmjs.org/minimatch/-/minimatch-3.0.4.tgz",
          "integrity": "sha512-yJHVQEhyqPLUTgt9B83PXu6W3rx4MvvHvSUvToogpwoGDOUQ+yDrR0HRot+yOCdCO7u4hX3pWft6kWBBcqh0UA=="
        }
      }
    },
    "open": {
      "version": "6.0.0",
      "resolved": "https://registry.npmjs.org/open/-/open-6.0.0.tgz",
      "integrity": "sha512-/yb5mVZBz7mHLySMiSj2DcLtMBbFPJk5JBKEkHVZFxZAPzeg3L026O0T+lbdz1B2nyDnkClRSwRQJdeVUIF7zw==",
      "dev": true,
      "requires": {
        "is-wsl": "^1.1.0"
      }
    },
    "react": {
      "version": "15.0.2",
      "resolved": "https://registry.npmjs.org/react/-/react-15.0.2.tgz",
      "integrity": "sha1-Y7ld/aVjAYogwYIwBlHtkz4N0ww="
    },
    "react-addons-test-utils": {
      "version": "15.0.2",
      "resolved": "https://registry.npmjs.org/react-addons-test-utils/-/react-addons-test-utils-15.0.2.tgz",
      "integrity": "sha1-Q0V7i0LswoaQyxjWG+3ZnbJIz5M=",
      "dev": true
    },
    "react-dom": {
      "version": "15.0.2",
      "resolved": "https://registry.npmjs.org/react-dom/-/react-dom-15.0.2.tgz",
      "integrity": "sha1-+KIKwbwtqetJT847RMPsGdCVHic="
    },
    "react-redux": {
      "version": "4.4.5",
      "resolved": "https://registry.npmjs.org/react-redux/-/react-redux-4.4.5.tgz",
      "integrity": "sha1-9QmimBviJS0QxinvfFWTR6SuxFc="
    },
    "react-router": {
      "version": "2.4.0",
      "resolved": "https://registry.npmjs.org/react-router/-/react-router-2.4.0.tgz",
      "integrity": "sha1-0h1Epkq3WCj4u3fMMGkI4i/cbWQ="
    },
    "react-router-redux": {
      "version": "4.0.4",
      "resolved": "https://registry.npmjs.org/react-router-redux/-/react-router-redux-4.0.4.tgz",
      "integrity": "sha1-M1x+UKEvZ3lMPVGkYwpET6aRx+U="
    },
    "redux": {
      "version": "3.5.2",
      "resolved": "https://registry.npmjs.org/redux/-/redux-3.5.2.tgz",
      "integrity": "sha1-RTN0XpcLZH7CYGaoOqMOnib6+EM="
    },
    "redux-immutable-state-invariant": {
      "version": "1.2.3",
      "resolved": "https://registry.npmjs.org/redux-immutable-state-invariant/-/redux-immutable-state-invariant-1.2.3.tgz",
      "integrity": "sha1-2N8BwvOKtd8fQ0zSYTtejE6fnYM=",
      "dev": true
    },
    "redux-mock-store": {
      "version": "1.0.2",
      "resolved": "https://registry.npmjs.org/redux-mock-store/-/redux-mock-store-1.0.2.tgz",
      "integrity": "sha1-XGkOOJjyFYjEdEjKvY28877dXyU=",
      "dev": true
    },
    "redux-thunk": {
      "version": "2.0.1",
      "resolved": "https://registry.npmjs.org/redux-thunk/-/redux-thunk-2.0.1.tgz",
      "integrity": "sha1-8LMQcPoaJDpLGfkEvv3C7kOarek="
    },
    "rimraf": {
      "version": "2.5.2",
      "resolved": "https://registry.npmjs.org/rimraf/-/rimraf-2.5.2.tgz",
      "integrity": "sha1-YrqUf6TAtDY4Oa7+zU8PutYFlyY=",
      "dev": true,
      "dependencies": {
        "glob": {
          "version": "7.1.2",
          "resolved": "https://registry.npmjs.org/glob/-/glob-7.1.2.tgz",
          "integrity": "sha512-MJTUg1kjuLeQCJ+ccE4Vpa6kKVXkPYJ2mOCQyUuKLcLQsdrMCpBPUi8qVE6+YuaJkozeA9NusTAw3hLr8Xe5EQ=="
        },
        "minimatch": {
          "version": "3.0.4",
          "resolved": "https://registry.npmjs.org/minimatch/-/minimatch-3.0.4.tgz",
          "integrity": "sha512-yJHVQEhyqPLUTgt9B83PXu6W3rx4MvvHvSUvToogpwoGDOUQ+yDrR0HRot+yOCdCO7u4hX3pWft6kWBBcqh0UA=="
        }
      }
    },
    "style-loader": {
      "version": "0.13.1",
      "resolved": "https://registry.npmjs.org/style-loader/-/style-loader-0.13.1.tgz",
      "integrity": "sha1-RoKA77wEcwI806bNVuM7Wh1/w6k=",
      "dev": true
    },
    "toastr": {
      "version": "2.1.2",
      "resolved": "https://registry.npmjs.org/toastr/-/toastr-2.1.2.tgz",
      "integrity": "sha1-/WkGaudXilszV3JfycfDNem2gd8="
    },
    "url-loader": {
      "version": "0.5.7",
      "resolved": "https://registry.npmjs.org/url-loader/-/url-loader-0.5.7.tgz",
      "integrity": "sha1-Z+h3l1n4AA2nSZSQZoDJQ6mwkl0=",
      "dev": true,
      "dependencies": {
        "mime": {
          "version": "1.2.11",
          "resolved": "https://registry.npmjs.org/mime/-/mime-1.2.11.tgz",
          "integrity": "sha1-WCA+7Ybjpe8XrtK32evUfwpg3RA="
        }
      }
    },
    "webpack": {
      "version": "1.13.0",
      "resolved": "https://registry.npmjs.org/webpack/-/webpack-1.13.0.tgz",
      "integrity": "sha1-qtPTTwtyAt1VsXpqbOv0275yJyo=",
      "dev": true,
      "dependencies": {
        "acorn": {
          "version": "3.3.0",
          "resolved": "https://registry.npmjs.org/acorn/-/acorn-3.3.0.tgz",
          "integrity": "sha1-ReN/s56No/JbruP/U2niu18iAXo="
        },
        "supports-color": {
          "version": "3.2.3",
          "resolved": "https://registry.npmjs.org/supports-color/-/supports-color-3.2.3.tgz",
          "integrity": "sha1-ZawFBLOVQXHYpklGsq48u4pfVPY="
        }
      }
    },
    "webpack-dev-middleware": {
      "version": "1.6.1",
      "resolved": "https://registry.npmjs.org/webpack-dev-middleware/-/webpack-dev-middleware-1.6.1.tgz",
      "integrity": "sha1-wl74MqvH02DDi7QOuRhpJyDO1hE=",
      "dev": true
    },
    "webpack-hot-middleware": {
      "version": "2.10.0",
      "resolved": "https://registry.npmjs.org/webpack-hot-middleware/-/webpack-hot-middleware-2.10.0.tgz",
      "integrity": "sha1-qk1s7bmXnT97XjOZm+OA8SEg/HQ=",
      "dev": true
    }
  }
}
